// !$*UTF8*$!
{
	archiveVersion = 1;
	classes = {
	};
	objectVersion = 50;
	objects = {

/* Begin PBXBuildFile section */
		6215D4CD2571FE99009F8F17 /* AppDelegate.swift in Sources */ = {isa = PBXBuildFile; fileRef = 6215D4CC2571FE99009F8F17 /* AppDelegate.swift */; };
		6215D4CF2571FE99009F8F17 /* SceneDelegate.swift in Sources */ = {isa = PBXBuildFile; fileRef = 6215D4CE2571FE99009F8F17 /* SceneDelegate.swift */; };
		6215D4D12571FE99009F8F17 /* ViewController.swift in Sources */ = {isa = PBXBuildFile; fileRef = 6215D4D02571FE99009F8F17 /* ViewController.swift */; };
		6215D4D42571FE99009F8F17 /* Main.storyboard in Resources */ = {isa = PBXBuildFile; fileRef = 6215D4D22571FE99009F8F17 /* Main.storyboard */; };
		6215D4D72571FE99009F8F17 /* WanderList.xcdatamodeld in Sources */ = {isa = PBXBuildFile; fileRef = 6215D4D52571FE99009F8F17 /* WanderList.xcdatamodeld */; };
		6215D4D92571FE9B009F8F17 /* Assets.xcassets in Resources */ = {isa = PBXBuildFile; fileRef = 6215D4D82571FE9B009F8F17 /* Assets.xcassets */; };
		6215D4DC2571FE9B009F8F17 /* LaunchScreen.storyboard in Resources */ = {isa = PBXBuildFile; fileRef = 6215D4DA2571FE9B009F8F17 /* LaunchScreen.storyboard */; };
		6215D4EB257204DE009F8F17 /* PlaceViewController.swift in Sources */ = {isa = PBXBuildFile; fileRef = 6215D4EA257204DE009F8F17 /* PlaceViewController.swift */; };
		6215D4EE2572071C009F8F17 /* InfoViewController.swift in Sources */ = {isa = PBXBuildFile; fileRef = 6215D4ED2572071C009F8F17 /* InfoViewController.swift */; };
		6215D4F125720729009F8F17 /* MapViewController.swift in Sources */ = {isa = PBXBuildFile; fileRef = 6215D4F025720729009F8F17 /* MapViewController.swift */; };
		6215D4F425720732009F8F17 /* NotesViewController.swift in Sources */ = {isa = PBXBuildFile; fileRef = 6215D4F325720732009F8F17 /* NotesViewController.swift */; };
		6215D4F8257207D6009F8F17 /* Constants.swift in Sources */ = {isa = PBXBuildFile; fileRef = 6215D4F7257207D6009F8F17 /* Constants.swift */; };
		6215D50525720A2A009F8F17 /* preloadedData.json in Resources */ = {isa = PBXBuildFile; fileRef = 6215D50425720A2A009F8F17 /* preloadedData.json */; };
		62A1822D2572136B00FE8BEF /* PlaceTableViewCell.swift in Sources */ = {isa = PBXBuildFile; fileRef = 62A1822C2572136B00FE8BEF /* PlaceTableViewCell.swift */; };
		62A182342572347000FE8BEF /* Note+CoreDataClass.swift in Sources */ = {isa = PBXBuildFile; fileRef = 62A182302572347000FE8BEF /* Note+CoreDataClass.swift */; };
		62A182352572347000FE8BEF /* Note+CoreDataProperties.swift in Sources */ = {isa = PBXBuildFile; fileRef = 62A182312572347000FE8BEF /* Note+CoreDataProperties.swift */; };
		62A182362572347000FE8BEF /* Place+CoreDataClass.swift in Sources */ = {isa = PBXBuildFile; fileRef = 62A182322572347000FE8BEF /* Place+CoreDataClass.swift */; };
		62A182372572347000FE8BEF /* Place+CoreDataProperties.swift in Sources */ = {isa = PBXBuildFile; fileRef = 62A182332572347000FE8BEF /* Place+CoreDataProperties.swift */; };
		62A1823B2572357700FE8BEF /* AddNoteViewController.swift in Sources */ = {isa = PBXBuildFile; fileRef = 62A1823A2572357700FE8BEF /* AddNoteViewController.swift */; };
/* End PBXBuildFile section */

/* Begin PBXFileReference section */
		6215D4C92571FE99009F8F17 /* WanderList.app */ = {isa = PBXFileReference; explicitFileType = wrapper.application; includeInIndex = 0; path = WanderList.app; sourceTree = BUILT_PRODUCTS_DIR; };
		6215D4CC2571FE99009F8F17 /* AppDelegate.swift */ = {isa = PBXFileReference; lastKnownFileType = sourcecode.swift; path = AppDelegate.swift; sourceTree = "<group>"; };
		6215D4CE2571FE99009F8F17 /* SceneDelegate.swift */ = {isa = PBXFileReference; lastKnownFileType = sourcecode.swift; path = SceneDelegate.swift; sourceTree = "<group>"; };
		6215D4D02571FE99009F8F17 /* ViewController.swift */ = {isa = PBXFileReference; lastKnownFileType = sourcecode.swift; path = ViewController.swift; sourceTree = "<group>"; };
		6215D4D32571FE99009F8F17 /* Base */ = {isa = PBXFileReference; lastKnownFileType = file.storyboard; name = Base; path = Base.lproj/Main.storyboard; sourceTree = "<group>"; };
		6215D4D62571FE99009F8F17 /* WanderList.xcdatamodel */ = {isa = PBXFileReference; lastKnownFileType = wrapper.xcdatamodel; path = WanderList.xcdatamodel; sourceTree = "<group>"; };
		6215D4D82571FE9B009F8F17 /* Assets.xcassets */ = {isa = PBXFileReference; lastKnownFileType = folder.assetcatalog; path = Assets.xcassets; sourceTree = "<group>"; };
		6215D4DB2571FE9B009F8F17 /* Base */ = {isa = PBXFileReference; lastKnownFileType = file.storyboard; name = Base; path = Base.lproj/LaunchScreen.storyboard; sourceTree = "<group>"; };
		6215D4DD2571FE9B009F8F17 /* Info.plist */ = {isa = PBXFileReference; lastKnownFileType = text.plist.xml; path = Info.plist; sourceTree = "<group>"; };
		6215D4EA257204DE009F8F17 /* PlaceViewController.swift */ = {isa = PBXFileReference; lastKnownFileType = sourcecode.swift; path = PlaceViewController.swift; sourceTree = "<group>"; };
		6215D4ED2572071C009F8F17 /* InfoViewController.swift */ = {isa = PBXFileReference; lastKnownFileType = sourcecode.swift; path = InfoViewController.swift; sourceTree = "<group>"; };
		6215D4F025720729009F8F17 /* MapViewController.swift */ = {isa = PBXFileReference; lastKnownFileType = sourcecode.swift; path = MapViewController.swift; sourceTree = "<group>"; };
		6215D4F325720732009F8F17 /* NotesViewController.swift */ = {isa = PBXFileReference; lastKnownFileType = sourcecode.swift; path = NotesViewController.swift; sourceTree = "<group>"; };
		6215D4F7257207D6009F8F17 /* Constants.swift */ = {isa = PBXFileReference; lastKnownFileType = sourcecode.swift; path = Constants.swift; sourceTree = "<group>"; };
		6215D50425720A2A009F8F17 /* preloadedData.json */ = {isa = PBXFileReference; fileEncoding = 4; lastKnownFileType = text.json; path = preloadedData.json; sourceTree = "<group>"; };
		62A1822C2572136B00FE8BEF /* PlaceTableViewCell.swift */ = {isa = PBXFileReference; lastKnownFileType = sourcecode.swift; path = PlaceTableViewCell.swift; sourceTree = "<group>"; };
		62A182302572347000FE8BEF /* Note+CoreDataClass.swift */ = {isa = PBXFileReference; lastKnownFileType = sourcecode.swift; path = "Note+CoreDataClass.swift"; sourceTree = "<group>"; };
		62A182312572347000FE8BEF /* Note+CoreDataProperties.swift */ = {isa = PBXFileReference; lastKnownFileType = sourcecode.swift; path = "Note+CoreDataProperties.swift"; sourceTree = "<group>"; };
		62A182322572347000FE8BEF /* Place+CoreDataClass.swift */ = {isa = PBXFileReference; lastKnownFileType = sourcecode.swift; path = "Place+CoreDataClass.swift"; sourceTree = "<group>"; };
		62A182332572347000FE8BEF /* Place+CoreDataProperties.swift */ = {isa = PBXFileReference; lastKnownFileType = sourcecode.swift; path = "Place+CoreDataProperties.swift"; sourceTree = "<group>"; };
		62A1823A2572357700FE8BEF /* AddNoteViewController.swift */ = {isa = PBXFileReference; lastKnownFileType = sourcecode.swift; path = AddNoteViewController.swift; sourceTree = "<group>"; };
/* End PBXFileReference section */

/* Begin PBXFrameworksBuildPhase section */
		6215D4C62571FE99009F8F17 /* Frameworks */ = {
			isa = PBXFrameworksBuildPhase;
			buildActionMask = 2147483647;
			files = (
			);
			runOnlyForDeploymentPostprocessing = 0;
		};
/* End PBXFrameworksBuildPhase section */

/* Begin PBXGroup section */
		6215D4C02571FE99009F8F17 = {
			isa = PBXGroup;
			children = (
				6215D4CB2571FE99009F8F17 /* WanderList */,
				6215D4CA2571FE99009F8F17 /* Products */,
			);
			sourceTree = "<group>";
		};
		6215D4CA2571FE99009F8F17 /* Products */ = {
			isa = PBXGroup;
			children = (
				6215D4C92571FE99009F8F17 /* WanderList.app */,
			);
			name = Products;
			sourceTree = "<group>";
		};
		6215D4CB2571FE99009F8F17 /* WanderList */ = {
			isa = PBXGroup;
			children = (
				6215D4CC2571FE99009F8F17 /* AppDelegate.swift */,
				6215D4CE2571FE99009F8F17 /* SceneDelegate.swift */,
				6215D4F6257207B6009F8F17 /* Helpers */,
				6215D4E82571FEFC009F8F17 /* Data */,
				6215D4E72571FEF0009F8F17 /* Storyboards */,
				6215D4E62571FEC7009F8F17 /* Models */,
				6215D4E52571FEC1009F8F17 /* Views */,
				6215D4E42571FEAC009F8F17 /* ViewControllers */,
				6215D4D82571FE9B009F8F17 /* Assets.xcassets */,
				6215D4DD2571FE9B009F8F17 /* Info.plist */,
			);
			path = WanderList;
			sourceTree = "<group>";
		};
		6215D4E42571FEAC009F8F17 /* ViewControllers */ = {
			isa = PBXGroup;
			children = (
				6215D4D02571FE99009F8F17 /* ViewController.swift */,
				6215D4EA257204DE009F8F17 /* PlaceViewController.swift */,
				6215D4ED2572071C009F8F17 /* InfoViewController.swift */,
				6215D4F025720729009F8F17 /* MapViewController.swift */,
				6215D4F325720732009F8F17 /* NotesViewController.swift */,
				62A1823A2572357700FE8BEF /* AddNoteViewController.swift */,
			);
			path = ViewControllers;
			sourceTree = "<group>";
		};
		6215D4E52571FEC1009F8F17 /* Views */ = {
			isa = PBXGroup;
			children = (
				62A1822C2572136B00FE8BEF /* PlaceTableViewCell.swift */,
			);
			path = Views;
			sourceTree = "<group>";
		};
		6215D4E62571FEC7009F8F17 /* Models */ = {
			isa = PBXGroup;
			children = (
				62A182302572347000FE8BEF /* Note+CoreDataClass.swift */,
				62A182312572347000FE8BEF /* Note+CoreDataProperties.swift */,
				62A182322572347000FE8BEF /* Place+CoreDataClass.swift */,
				62A182332572347000FE8BEF /* Place+CoreDataProperties.swift */,
			);
			path = Models;
			sourceTree = "<group>";
		};
		6215D4E72571FEF0009F8F17 /* Storyboards */ = {
			isa = PBXGroup;
			children = (
				6215D4D22571FE99009F8F17 /* Main.storyboard */,
				6215D4DA2571FE9B009F8F17 /* LaunchScreen.storyboard */,
			);
			path = Storyboards;
			sourceTree = "<group>";
		};
		6215D4E82571FEFC009F8F17 /* Data */ = {
			isa = PBXGroup;
			children = (
				6215D50425720A2A009F8F17 /* preloadedData.json */,
				6215D4D52571FE99009F8F17 /* WanderList.xcdatamodeld */,
			);
			path = Data;
			sourceTree = "<group>";
		};
		6215D4F6257207B6009F8F17 /* Helpers */ = {
			isa = PBXGroup;
			children = (
				6215D4F7257207D6009F8F17 /* Constants.swift */,
			);
			path = Helpers;
			sourceTree = "<group>";
		};
/* End PBXGroup section */

/* Begin PBXNativeTarget section */
		6215D4C82571FE99009F8F17 /* WanderList */ = {
			isa = PBXNativeTarget;
			buildConfigurationList = 6215D4E02571FE9B009F8F17 /* Build configuration list for PBXNativeTarget "WanderList" */;
			buildPhases = (
				6215D4C52571FE99009F8F17 /* Sources */,
				6215D4C62571FE99009F8F17 /* Frameworks */,
				6215D4C72571FE99009F8F17 /* Resources */,
			);
			buildRules = (
			);
			dependencies = (
			);
			name = WanderList;
			productName = WanderList;
			productReference = 6215D4C92571FE99009F8F17 /* WanderList.app */;
			productType = "com.apple.product-type.application";
		};
/* End PBXNativeTarget section */

/* Begin PBXProject section */
		6215D4C12571FE99009F8F17 /* Project object */ = {
			isa = PBXProject;
			attributes = {
				LastSwiftUpdateCheck = 1220;
				LastUpgradeCheck = 1220;
				TargetAttributes = {
					6215D4C82571FE99009F8F17 = {
						CreatedOnToolsVersion = 12.2;
					};
				};
			};
			buildConfigurationList = 6215D4C42571FE99009F8F17 /* Build configuration list for PBXProject "WanderList" */;
			compatibilityVersion = "Xcode 9.3";
			developmentRegion = en;
			hasScannedForEncodings = 0;
			knownRegions = (
				en,
				Base,
			);
			mainGroup = 6215D4C02571FE99009F8F17;
			productRefGroup = 6215D4CA2571FE99009F8F17 /* Products */;
			projectDirPath = "";
			projectRoot = "";
			targets = (
				6215D4C82571FE99009F8F17 /* WanderList */,
			);
		};
/* End PBXProject section */

/* Begin PBXResourcesBuildPhase section */
		6215D4C72571FE99009F8F17 /* Resources */ = {
			isa = PBXResourcesBuildPhase;
			buildActionMask = 2147483647;
			files = (
				6215D50525720A2A009F8F17 /* preloadedData.json in Resources */,
				6215D4DC2571FE9B009F8F17 /* LaunchScreen.storyboard in Resources */,
				6215D4D92571FE9B009F8F17 /* Assets.xcassets in Resources */,
				6215D4D42571FE99009F8F17 /* Main.storyboard in Resources */,
			);
			runOnlyForDeploymentPostprocessing = 0;
		};
/* End PBXResourcesBuildPhase section */

/* Begin PBXSourcesBuildPhase section */
		6215D4C52571FE99009F8F17 /* Sources */ = {
			isa = PBXSourcesBuildPhase;
			buildActionMask = 2147483647;
			files = (
				62A182362572347000FE8BEF /* Place+CoreDataClass.swift in Sources */,
				6215D4D72571FE99009F8F17 /* WanderList.xcdatamodeld in Sources */,
				6215D4D12571FE99009F8F17 /* ViewController.swift in Sources */,
				62A182342572347000FE8BEF /* Note+CoreDataClass.swift in Sources */,
				6215D4CD2571FE99009F8F17 /* AppDelegate.swift in Sources */,
				62A1822D2572136B00FE8BEF /* PlaceTableViewCell.swift in Sources */,
				62A182352572347000FE8BEF /* Note+CoreDataProperties.swift in Sources */,
				62A182372572347000FE8BEF /* Place+CoreDataProperties.swift in Sources */,
				62A1823B2572357700FE8BEF /* AddNoteViewController.swift in Sources */,
				6215D4EB257204DE009F8F17 /* PlaceViewController.swift in Sources */,
				6215D4F425720732009F8F17 /* NotesViewController.swift in Sources */,
				6215D4EE2572071C009F8F17 /* InfoViewController.swift in Sources */,
				6215D4CF2571FE99009F8F17 /* SceneDelegate.swift in Sources */,
				6215D4F125720729009F8F17 /* MapViewController.swift in Sources */,
				6215D4F8257207D6009F8F17 /* Constants.swift in Sources */,
			);
			runOnlyForDeploymentPostprocessing = 0;
		};
/* End PBXSourcesBuildPhase section */

/* Begin PBXVariantGroup section */
		6215D4D22571FE99009F8F17 /* Main.storyboard */ = {
			isa = PBXVariantGroup;
			children = (
				6215D4D32571FE99009F8F17 /* Base */,
			);
			name = Main.storyboard;
			sourceTree = "<group>";
		};
		6215D4DA2571FE9B009F8F17 /* LaunchScreen.storyboard */ = {
			isa = PBXVariantGroup;
			children = (
				6215D4DB2571FE9B009F8F17 /* Base */,
			);
			name = LaunchScreen.storyboard;
			sourceTree = "<group>";
		};
/* End PBXVariantGroup section */

/* Begin XCBuildConfiguration section */
		6215D4DE2571FE9B009F8F17 /* Debug */ = {
			isa = XCBuildConfiguration;
			buildSettings = {
				ALWAYS_SEARCH_USER_PATHS = NO;
				CLANG_ANALYZER_NONNULL = YES;
				CLANG_ANALYZER_NUMBER_OBJECT_CONVERSION = YES_AGGRESSIVE;
				CLANG_CXX_LANGUAGE_STANDARD = "gnu++14";
				CLANG_CXX_LIBRARY = "libc++";
				CLANG_ENABLE_MODULES = YES;
				CLANG_ENABLE_OBJC_ARC = YES;
				CLANG_ENABLE_OBJC_WEAK = YES;
				CLANG_WARN_BLOCK_CAPTURE_AUTORELEASING = YES;
				CLANG_WARN_BOOL_CONVERSION = YES;
				CLANG_WARN_COMMA = YES;
				CLANG_WARN_CONSTANT_CONVERSION = YES;
				CLANG_WARN_DEPRECATED_OBJC_IMPLEMENTATIONS = YES;
				CLANG_WARN_DIRECT_OBJC_ISA_USAGE = YES_ERROR;
				CLANG_WARN_DOCUMENTATION_COMMENTS = YES;
				CLANG_WARN_EMPTY_BODY = YES;
				CLANG_WARN_ENUM_CONVERSION = YES;
				CLANG_WARN_INFINITE_RECURSION = YES;
				CLANG_WARN_INT_CONVERSION = YES;
				CLANG_WARN_NON_LITERAL_NULL_CONVERSION = YES;
				CLANG_WARN_OBJC_IMPLICIT_RETAIN_SELF = YES;
				CLANG_WARN_OBJC_LITERAL_CONVERSION = YES;
				CLANG_WARN_OBJC_ROOT_CLASS = YES_ERROR;
				CLANG_WARN_QUOTED_INCLUDE_IN_FRAMEWORK_HEADER = YES;
				CLANG_WARN_RANGE_LOOP_ANALYSIS = YES;
				CLANG_WARN_STRICT_PROTOTYPES = YES;
				CLANG_WARN_SUSPICIOUS_MOVE = YES;
				CLANG_WARN_UNGUARDED_AVAILABILITY = YES_AGGRESSIVE;
				CLANG_WARN_UNREACHABLE_CODE = YES;
				CLANG_WARN__DUPLICATE_METHOD_MATCH = YES;
				COPY_PHASE_STRIP = NO;
				DEBUG_INFORMATION_FORMAT = dwarf;
				ENABLE_STRICT_OBJC_MSGSEND = YES;
				ENABLE_TESTABILITY = YES;
				GCC_C_LANGUAGE_STANDARD = gnu11;
				GCC_DYNAMIC_NO_PIC = NO;
				GCC_NO_COMMON_BLOCKS = YES;
				GCC_OPTIMIZATION_LEVEL = 0;
				GCC_PREPROCESSOR_DEFINITIONS = (
					"DEBUG=1",
					"$(inherited)",
				);
				GCC_WARN_64_TO_32_BIT_CONVERSION = YES;
				GCC_WARN_ABOUT_RETURN_TYPE = YES_ERROR;
				GCC_WARN_UNDECLARED_SELECTOR = YES;
				GCC_WARN_UNINITIALIZED_AUTOS = YES_AGGRESSIVE;
				GCC_WARN_UNUSED_FUNCTION = YES;
				GCC_WARN_UNUSED_VARIABLE = YES;
				IPHONEOS_DEPLOYMENT_TARGET = 14.2;
				MTL_ENABLE_DEBUG_INFO = INCLUDE_SOURCE;
				MTL_FAST_MATH = YES;
				ONLY_ACTIVE_ARCH = YES;
				SDKROOT = iphoneos;
				SWIFT_ACTIVE_COMPILATION_CONDITIONS = DEBUG;
				SWIFT_OPTIMIZATION_LEVEL = "-Onone";
			};
			name = Debug;
		};
		6215D4DF2571FE9B009F8F17 /* Release */ = {
			isa = XCBuildConfiguration;
			buildSettings = {
				ALWAYS_SEARCH_USER_PATHS = NO;
				CLANG_ANALYZER_NONNULL = YES;
				CLANG_ANALYZER_NUMBER_OBJECT_CONVERSION = YES_AGGRESSIVE;
				CLANG_CXX_LANGUAGE_STANDARD = "gnu++14";
				CLANG_CXX_LIBRARY = "libc++";
				CLANG_ENABLE_MODULES = YES;
				CLANG_ENABLE_OBJC_ARC = YES;
				CLANG_ENABLE_OBJC_WEAK = YES;
				CLANG_WARN_BLOCK_CAPTURE_AUTORELEASING = YES;
				CLANG_WARN_BOOL_CONVERSION = YES;
				CLANG_WARN_COMMA = YES;
				CLANG_WARN_CONSTANT_CONVERSION = YES;
				CLANG_WARN_DEPRECATED_OBJC_IMPLEMENTATIONS = YES;
				CLANG_WARN_DIRECT_OBJC_ISA_USAGE = YES_ERROR;
				CLANG_WARN_DOCUMENTATION_COMMENTS = YES;
				CLANG_WARN_EMPTY_BODY = YES;
				CLANG_WARN_ENUM_CONVERSION = YES;
				CLANG_WARN_INFINITE_RECURSION = YES;
				CLANG_WARN_INT_CONVERSION = YES;
				CLANG_WARN_NON_LITERAL_NULL_CONVERSION = YES;
				CLANG_WARN_OBJC_IMPLICIT_RETAIN_SELF = YES;
				CLANG_WARN_OBJC_LITERAL_CONVERSION = YES;
				CLANG_WARN_OBJC_ROOT_CLASS = YES_ERROR;
				CLANG_WARN_QUOTED_INCLUDE_IN_FRAMEWORK_HEADER = YES;
				CLANG_WARN_RANGE_LOOP_ANALYSIS = YES;
				CLANG_WARN_STRICT_PROTOTYPES = YES;
				CLANG_WARN_SUSPICIOUS_MOVE = YES;
				CLANG_WARN_UNGUARDED_AVAILABILITY = YES_AGGRESSIVE;
				CLANG_WARN_UNREACHABLE_CODE = YES;
				CLANG_WARN__DUPLICATE_METHOD_MATCH = YES;
				COPY_PHASE_STRIP = NO;
				DEBUG_INFORMATION_FORMAT = "dwarf-with-dsym";
				ENABLE_NS_ASSERTIONS = NO;
				ENABLE_STRICT_OBJC_MSGSEND = YES;
				GCC_C_LANGUAGE_STANDARD = gnu11;
				GCC_NO_COMMON_BLOCKS = YES;
				GCC_WARN_64_TO_32_BIT_CONVERSION = YES;
				GCC_WARN_ABOUT_RETURN_TYPE = YES_ERROR;
				GCC_WARN_UNDECLARED_SELECTOR = YES;
				GCC_WARN_UNINITIALIZED_AUTOS = YES_AGGRESSIVE;
				GCC_WARN_UNUSED_FUNCTION = YES;
				GCC_WARN_UNUSED_VARIABLE = YES;
				IPHONEOS_DEPLOYMENT_TARGET = 14.2;
				MTL_ENABLE_DEBUG_INFO = NO;
				MTL_FAST_MATH = YES;
				SDKROOT = iphoneos;
				SWIFT_COMPILATION_MODE = wholemodule;
				SWIFT_OPTIMIZATION_LEVEL = "-O";
				VALIDATE_PRODUCT = YES;
			};
			name = Release;
		};
		6215D4E12571FE9B009F8F17 /* Debug */ = {
			isa = XCBuildConfiguration;
			buildSettings = {
				ASSETCATALOG_COMPILER_APPICON_NAME = AppIcon;
				ASSETCATALOG_COMPILER_GLOBAL_ACCENT_COLOR_NAME = AccentColor;
				CODE_SIGN_STYLE = Automatic;
				DEVELOPMENT_TEAM = AXN5JR37KW;
				INFOPLIST_FILE = WanderList/Info.plist;
				LD_RUNPATH_SEARCH_PATHS = (
					"$(inherited)",
					"@executable_path/Frameworks",
				);
				PRODUCT_BUNDLE_IDENTIFIER = setuparekh.WanderList;
				PRODUCT_NAME = "$(TARGET_NAME)";
				SWIFT_VERSION = 5.0;
				TARGETED_DEVICE_FAMILY = "1,2";
			};
			name = Debug;
		};
		6215D4E22571FE9B009F8F17 /* Release */ = {
			isa = XCBuildConfiguration;
			buildSettings = {
				ASSETCATALOG_COMPILER_APPICON_NAME = AppIcon;
				ASSETCATALOG_COMPILER_GLOBAL_ACCENT_COLOR_NAME = AccentColor;
				CODE_SIGN_STYLE = Automatic;
				DEVELOPMENT_TEAM = AXN5JR37KW;
				INFOPLIST_FILE = WanderList/Info.plist;
				LD_RUNPATH_SEARCH_PATHS = (
					"$(inherited)",
					"@executable_path/Frameworks",
				);
				PRODUCT_BUNDLE_IDENTIFIER = setuparekh.WanderList;
				PRODUCT_NAME = "$(TARGET_NAME)";
				SWIFT_VERSION = 5.0;
				TARGETED_DEVICE_FAMILY = "1,2";
			};
			name = Release;
		};
/* End XCBuildConfiguration section */

/* Begin XCConfigurationList section */
		6215D4C42571FE99009F8F17 /* Build configuration list for PBXProject "WanderList" */ = {
			isa = XCConfigurationList;
			buildConfigurations = (
				6215D4DE2571FE9B009F8F17 /* Debug */,
				6215D4DF2571FE9B009F8F17 /* Release */,
			);
			defaultConfigurationIsVisible = 0;
			defaultConfigurationName = Release;
		};
		6215D4E02571FE9B009F8F17 /* Build configuration list for PBXNativeTarget "WanderList" */ = {
			isa = XCConfigurationList;
			buildConfigurations = (
				6215D4E12571FE9B009F8F17 /* Debug */,
				6215D4E22571FE9B009F8F17 /* Release */,
			);
			defaultConfigurationIsVisible = 0;
			defaultConfigurationName = Release;
		};
/* End XCConfigurationList section */

/* Begin XCVersionGroup section */
		6215D4D52571FE99009F8F17 /* WanderList.xcdatamodeld */ = {
			isa = XCVersionGroup;
			children = (
				6215D4D62571FE99009F8F17 /* WanderList.xcdatamodel */,
			);
			currentVersion = 6215D4D62571FE99009F8F17 /* WanderList.xcdatamodel */;
			path = WanderList.xcdatamodeld;
			sourceTree = "<group>";
			versionGroupType = wrapper.xcdatamodel;
		};
/* End XCVersionGroup section */
	};
	rootObject = 6215D4C12571FE99009F8F17 /* Project object */;
}
